// !$*UTF8*$!
{
	archiveVersion = 1;
	classes = {
	};
	objectVersion = 48;
	objects = {

/* Begin PBXBuildFile section */
		A202264420690A3400B358CE /* NewsTableViewController.swift in Sources */ = {isa = PBXBuildFile; fileRef = A202264320690A3400B358CE /* NewsTableViewController.swift */; };
		A20226462069253800B358CE /* Event.swift in Sources */ = {isa = PBXBuildFile; fileRef = A20226452069253800B358CE /* Event.swift */; };
		A21095012062710B0081B7C1 /* EventsViewController.swift in Sources */ = {isa = PBXBuildFile; fileRef = A21095002062710B0081B7C1 /* EventsViewController.swift */; };
		A2109503206271DF0081B7C1 /* EventTableViewCell.xib in Resources */ = {isa = PBXBuildFile; fileRef = A2109502206271DF0081B7C1 /* EventTableViewCell.xib */; };
		A212D6E7207C5B56008C8930 /* TestModel.swift in Sources */ = {isa = PBXBuildFile; fileRef = A212D6E6207C5B56008C8930 /* TestModel.swift */; };
		A2AD13892062762800F17425 /* EventTableViewCell.swift in Sources */ = {isa = PBXBuildFile; fileRef = A2AD13882062762800F17425 /* EventTableViewCell.swift */; };
		A2AD138B2062836800F17425 /* EventCollectionViewCell.xib in Resources */ = {isa = PBXBuildFile; fileRef = A2AD138A2062836800F17425 /* EventCollectionViewCell.xib */; };
		A2AD138D2062840F00F17425 /* EventCollectionViewCell.swift in Sources */ = {isa = PBXBuildFile; fileRef = A2AD138C2062840F00F17425 /* EventCollectionViewCell.swift */; };
		A2AD138F206284B700F17425 /* HomeViewController.swift in Sources */ = {isa = PBXBuildFile; fileRef = A2AD138E206284B700F17425 /* HomeViewController.swift */; };
		A2AF1CE9205001E400588F76 /* AppDelegate.swift in Sources */ = {isa = PBXBuildFile; fileRef = A2AF1CE8205001E400588F76 /* AppDelegate.swift */; };
		A2AF1CEE205001E400588F76 /* Main.storyboard in Resources */ = {isa = PBXBuildFile; fileRef = A2AF1CEC205001E400588F76 /* Main.storyboard */; };
		A2AF1CF0205001E400588F76 /* Assets.xcassets in Resources */ = {isa = PBXBuildFile; fileRef = A2AF1CEF205001E400588F76 /* Assets.xcassets */; };
		A2AF1CF3205001E400588F76 /* LaunchScreen.storyboard in Resources */ = {isa = PBXBuildFile; fileRef = A2AF1CF1205001E400588F76 /* LaunchScreen.storyboard */; };
		A2AF1CFB2050125500588F76 /* LoginViewController.swift in Sources */ = {isa = PBXBuildFile; fileRef = A2AF1CFA2050125500588F76 /* LoginViewController.swift */; };
		A2B4BECD206BB6B2002CB3C0 /* ProfileTableViewController.swift in Sources */ = {isa = PBXBuildFile; fileRef = A2B4BECC206BB6B2002CB3C0 /* ProfileTableViewController.swift */; };
		A2E26F93208E009E00AD573A /* LoginResponse.swift in Sources */ = {isa = PBXBuildFile; fileRef = A2E26F92208E009E00AD573A /* LoginResponse.swift */; };
/* End PBXBuildFile section */

/* Begin PBXFileReference section */
		A202264320690A3400B358CE /* NewsTableViewController.swift */ = {isa = PBXFileReference; lastKnownFileType = sourcecode.swift; path = NewsTableViewController.swift; sourceTree = "<group>"; };
		A20226452069253800B358CE /* Event.swift */ = {isa = PBXFileReference; lastKnownFileType = sourcecode.swift; path = Event.swift; sourceTree = "<group>"; };
		A21095002062710B0081B7C1 /* EventsViewController.swift */ = {isa = PBXFileReference; lastKnownFileType = sourcecode.swift; path = EventsViewController.swift; sourceTree = "<group>"; };
		A2109502206271DF0081B7C1 /* EventTableViewCell.xib */ = {isa = PBXFileReference; lastKnownFileType = file.xib; path = EventTableViewCell.xib; sourceTree = "<group>"; };
		A212D6E6207C5B56008C8930 /* TestModel.swift */ = {isa = PBXFileReference; lastKnownFileType = sourcecode.swift; path = TestModel.swift; sourceTree = "<group>"; };
		A2AD13882062762800F17425 /* EventTableViewCell.swift */ = {isa = PBXFileReference; lastKnownFileType = sourcecode.swift; path = EventTableViewCell.swift; sourceTree = "<group>"; };
		A2AD138A2062836800F17425 /* EventCollectionViewCell.xib */ = {isa = PBXFileReference; lastKnownFileType = file.xib; path = EventCollectionViewCell.xib; sourceTree = "<group>"; };
		A2AD138C2062840F00F17425 /* EventCollectionViewCell.swift */ = {isa = PBXFileReference; lastKnownFileType = sourcecode.swift; path = EventCollectionViewCell.swift; sourceTree = "<group>"; };
		A2AD138E206284B700F17425 /* HomeViewController.swift */ = {isa = PBXFileReference; lastKnownFileType = sourcecode.swift; path = HomeViewController.swift; sourceTree = "<group>"; };
		A2AF1CE5205001E400588F76 /* CKCC.app */ = {isa = PBXFileReference; explicitFileType = wrapper.application; includeInIndex = 0; path = CKCC.app; sourceTree = BUILT_PRODUCTS_DIR; };
		A2AF1CE8205001E400588F76 /* AppDelegate.swift */ = {isa = PBXFileReference; lastKnownFileType = sourcecode.swift; path = AppDelegate.swift; sourceTree = "<group>"; };
		A2AF1CED205001E400588F76 /* Base */ = {isa = PBXFileReference; lastKnownFileType = file.storyboard; name = Base; path = Base.lproj/Main.storyboard; sourceTree = "<group>"; };
		A2AF1CEF205001E400588F76 /* Assets.xcassets */ = {isa = PBXFileReference; lastKnownFileType = folder.assetcatalog; path = Assets.xcassets; sourceTree = "<group>"; };
		A2AF1CF2205001E400588F76 /* Base */ = {isa = PBXFileReference; lastKnownFileType = file.storyboard; name = Base; path = Base.lproj/LaunchScreen.storyboard; sourceTree = "<group>"; };
		A2AF1CF4205001E400588F76 /* Info.plist */ = {isa = PBXFileReference; lastKnownFileType = text.plist.xml; path = Info.plist; sourceTree = "<group>"; };
		A2AF1CFA2050125500588F76 /* LoginViewController.swift */ = {isa = PBXFileReference; lastKnownFileType = sourcecode.swift; path = LoginViewController.swift; sourceTree = "<group>"; };
		A2B4BECC206BB6B2002CB3C0 /* ProfileTableViewController.swift */ = {isa = PBXFileReference; lastKnownFileType = sourcecode.swift; path = ProfileTableViewController.swift; sourceTree = "<group>"; };
		A2E26F92208E009E00AD573A /* LoginResponse.swift */ = {isa = PBXFileReference; lastKnownFileType = sourcecode.swift; path = LoginResponse.swift; sourceTree = "<group>"; };
/* End PBXFileReference section */

/* Begin PBXFrameworksBuildPhase section */
		A2AF1CE2205001E400588F76 /* Frameworks */ = {
			isa = PBXFrameworksBuildPhase;
			buildActionMask = 2147483647;
			files = (
			);
			runOnlyForDeploymentPostprocessing = 0;
		};
/* End PBXFrameworksBuildPhase section */

/* Begin PBXGroup section */
		A2AF1CDC205001E400588F76 = {
			isa = PBXGroup;
			children = (
				A2AF1CE7205001E400588F76 /* CKCC */,
				A2AF1CE6205001E400588F76 /* Products */,
			);
			sourceTree = "<group>";
		};
		A2AF1CE6205001E400588F76 /* Products */ = {
			isa = PBXGroup;
			children = (
				A2AF1CE5205001E400588F76 /* CKCC.app */,
			);
			name = Products;
			sourceTree = "<group>";
		};
		A2AF1CE7205001E400588F76 /* CKCC */ = {
			isa = PBXGroup;
			children = (
				A2AF1CE8205001E400588F76 /* AppDelegate.swift */,
				A2AF1CEC205001E400588F76 /* Main.storyboard */,
				A2AF1CEF205001E400588F76 /* Assets.xcassets */,
				A2AF1CF1205001E400588F76 /* LaunchScreen.storyboard */,
				A2AF1CF4205001E400588F76 /* Info.plist */,
				A2AF1CFA2050125500588F76 /* LoginViewController.swift */,
				A21095002062710B0081B7C1 /* EventsViewController.swift */,
				A2109502206271DF0081B7C1 /* EventTableViewCell.xib */,
				A2AD13882062762800F17425 /* EventTableViewCell.swift */,
				A2AD138A2062836800F17425 /* EventCollectionViewCell.xib */,
				A2AD138C2062840F00F17425 /* EventCollectionViewCell.swift */,
				A2AD138E206284B700F17425 /* HomeViewController.swift */,
				A202264320690A3400B358CE /* NewsTableViewController.swift */,
				A20226452069253800B358CE /* Event.swift */,
				A2B4BECC206BB6B2002CB3C0 /* ProfileTableViewController.swift */,
				A212D6E6207C5B56008C8930 /* TestModel.swift */,
				A2E26F92208E009E00AD573A /* LoginResponse.swift */,
			);
			path = CKCC;
			sourceTree = "<group>";
		};
/* End PBXGroup section */

/* Begin PBXNativeTarget section */
		A2AF1CE4205001E400588F76 /* CKCC */ = {
			isa = PBXNativeTarget;
			buildConfigurationList = A2AF1CF7205001E400588F76 /* Build configuration list for PBXNativeTarget "CKCC" */;
			buildPhases = (
				A2AF1CE1205001E400588F76 /* Sources */,
				A2AF1CE2205001E400588F76 /* Frameworks */,
				A2AF1CE3205001E400588F76 /* Resources */,
			);
			buildRules = (
			);
			dependencies = (
			);
			name = CKCC;
			productName = CKCC;
			productReference = A2AF1CE5205001E400588F76 /* CKCC.app */;
			productType = "com.apple.product-type.application";
		};
/* End PBXNativeTarget section */

/* Begin PBXProject section */
		A2AF1CDD205001E400588F76 /* Project object */ = {
			isa = PBXProject;
			attributes = {
				LastSwiftUpdateCheck = 0920;
				LastUpgradeCheck = 0920;
				ORGANIZATIONNAME = "Cambodia-Korea Cooperation Center";
				TargetAttributes = {
					A2AF1CE4205001E400588F76 = {
						CreatedOnToolsVersion = 9.2;
						ProvisioningStyle = Automatic;
					};
				};
			};
			buildConfigurationList = A2AF1CE0205001E400588F76 /* Build configuration list for PBXProject "CKCC" */;
			compatibilityVersion = "Xcode 8.0";
			developmentRegion = en;
			hasScannedForEncodings = 0;
			knownRegions = (
				en,
				Base,
			);
			mainGroup = A2AF1CDC205001E400588F76;
			productRefGroup = A2AF1CE6205001E400588F76 /* Products */;
			projectDirPath = "";
			projectRoot = "";
			targets = (
				A2AF1CE4205001E400588F76 /* CKCC */,
			);
		};
/* End PBXProject section */

/* Begin PBXResourcesBuildPhase section */
		A2AF1CE3205001E400588F76 /* Resources */ = {
			isa = PBXResourcesBuildPhase;
			buildActionMask = 2147483647;
			files = (
				A2109503206271DF0081B7C1 /* EventTableViewCell.xib in Resources */,
				A2AF1CF3205001E400588F76 /* LaunchScreen.storyboard in Resources */,
				A2AF1CF0205001E400588F76 /* Assets.xcassets in Resources */,
				A2AF1CEE205001E400588F76 /* Main.storyboard in Resources */,
				A2AD138B2062836800F17425 /* EventCollectionViewCell.xib in Resources */,
			);
			runOnlyForDeploymentPostprocessing = 0;
		};
/* End PBXResourcesBuildPhase section */

/* Begin PBXSourcesBuildPhase section */
		A2AF1CE1205001E400588F76 /* Sources */ = {
			isa = PBXSourcesBuildPhase;
			buildActionMask = 2147483647;
			files = (
				A2B4BECD206BB6B2002CB3C0 /* ProfileTableViewController.swift in Sources */,
				A20226462069253800B358CE /* Event.swift in Sources */,
				A2AF1CFB2050125500588F76 /* LoginViewController.swift in Sources */,
				A2AD138D2062840F00F17425 /* EventCollectionViewCell.swift in Sources */,
				A21095012062710B0081B7C1 /* EventsViewController.swift in Sources */,
				A2AF1CE9205001E400588F76 /* AppDelegate.swift in Sources */,
				A2AD13892062762800F17425 /* EventTableViewCell.swift in Sources */,
				A212D6E7207C5B56008C8930 /* TestModel.swift in Sources */,
				A202264420690A3400B358CE /* NewsTableViewController.swift in Sources */,
				A2E26F93208E009E00AD573A /* LoginResponse.swift in Sources */,
				A2AD138F206284B700F17425 /* HomeViewController.swift in Sources */,
			);
			runOnlyForDeploymentPostprocessing = 0;
		};
/* End PBXSourcesBuildPhase section */

/* Begin PBXVariantGroup section */
		A2AF1CEC205001E400588F76 /* Main.storyboard */ = {
			isa = PBXVariantGroup;
			children = (
				A2AF1CED205001E400588F76 /* Base */,
			);
			name = Main.storyboard;
			sourceTree = "<group>";
		};
		A2AF1CF1205001E400588F76 /* LaunchScreen.storyboard */ = {
			isa = PBXVariantGroup;
			children = (
				A2AF1CF2205001E400588F76 /* Base */,
			);
			name = LaunchScreen.storyboard;
			sourceTree = "<group>";
		};
/* End PBXVariantGroup section */

/* Begin XCBuildConfiguration section */
		A2AF1CF5205001E400588F76 /* Debug */ = {
			isa = XCBuildConfiguration;
			buildSettings = {
				ALWAYS_SEARCH_USER_PATHS = NO;
				CLANG_ANALYZER_NONNULL = YES;
				CLANG_ANALYZER_NUMBER_OBJECT_CONVERSION = YES_AGGRESSIVE;
				CLANG_CXX_LANGUAGE_STANDARD = "gnu++14";
				CLANG_CXX_LIBRARY = "libc++";
				CLANG_ENABLE_MODULES = YES;
				CLANG_ENABLE_OBJC_ARC = YES;
				CLANG_WARN_BLOCK_CAPTURE_AUTORELEASING = YES;
				CLANG_WARN_BOOL_CONVERSION = YES;
				CLANG_WARN_COMMA = YES;
				CLANG_WARN_CONSTANT_CONVERSION = YES;
				CLANG_WARN_DIRECT_OBJC_ISA_USAGE = YES_ERROR;
				CLANG_WARN_DOCUMENTATION_COMMENTS = YES;
				CLANG_WARN_EMPTY_BODY = YES;
				CLANG_WARN_ENUM_CONVERSION = YES;
				CLANG_WARN_INFINITE_RECURSION = YES;
				CLANG_WARN_INT_CONVERSION = YES;
				CLANG_WARN_NON_LITERAL_NULL_CONVERSION = YES;
				CLANG_WARN_OBJC_LITERAL_CONVERSION = YES;
				CLANG_WARN_OBJC_ROOT_CLASS = YES_ERROR;
				CLANG_WARN_RANGE_LOOP_ANALYSIS = YES;
				CLANG_WARN_STRICT_PROTOTYPES = YES;
				CLANG_WARN_SUSPICIOUS_MOVE = YES;
				CLANG_WARN_UNGUARDED_AVAILABILITY = YES_AGGRESSIVE;
				CLANG_WARN_UNREACHABLE_CODE = YES;
				CLANG_WARN__DUPLICATE_METHOD_MATCH = YES;
				CODE_SIGN_IDENTITY = "iPhone Developer";
				COPY_PHASE_STRIP = NO;
				DEBUG_INFORMATION_FORMAT = dwarf;
				ENABLE_STRICT_OBJC_MSGSEND = YES;
				ENABLE_TESTABILITY = YES;
				GCC_C_LANGUAGE_STANDARD = gnu11;
				GCC_DYNAMIC_NO_PIC = NO;
				GCC_NO_COMMON_BLOCKS = YES;
				GCC_OPTIMIZATION_LEVEL = 0;
				GCC_PREPROCESSOR_DEFINITIONS = (
					"DEBUG=1",
					"$(inherited)",
				);
				GCC_WARN_64_TO_32_BIT_CONVERSION = YES;
				GCC_WARN_ABOUT_RETURN_TYPE = YES_ERROR;
				GCC_WARN_UNDECLARED_SELECTOR = YES;
				GCC_WARN_UNINITIALIZED_AUTOS = YES_AGGRESSIVE;
				GCC_WARN_UNUSED_FUNCTION = YES;
				GCC_WARN_UNUSED_VARIABLE = YES;
				IPHONEOS_DEPLOYMENT_TARGET = 11.2;
				MTL_ENABLE_DEBUG_INFO = YES;
				ONLY_ACTIVE_ARCH = YES;
				SDKROOT = iphoneos;
				SWIFT_ACTIVE_COMPILATION_CONDITIONS = DEBUG;
				SWIFT_OPTIMIZATION_LEVEL = "-Onone";
			};
			name = Debug;
		};
		A2AF1CF6205001E400588F76 /* Release */ = {
			isa = XCBuildConfiguration;
			buildSettings = {
				ALWAYS_SEARCH_USER_PATHS = NO;
				CLANG_ANALYZER_NONNULL = YES;
				CLANG_ANALYZER_NUMBER_OBJECT_CONVERSION = YES_AGGRESSIVE;
				CLANG_CXX_LANGUAGE_STANDARD = "gnu++14";
				CLANG_CXX_LIBRARY = "libc++";
				CLANG_ENABLE_MODULES = YES;
				CLANG_ENABLE_OBJC_ARC = YES;
				CLANG_WARN_BLOCK_CAPTURE_AUTORELEASING = YES;
				CLANG_WARN_BOOL_CONVERSION = YES;
				CLANG_WARN_COMMA = YES;
				CLANG_WARN_CONSTANT_CONVERSION = YES;
				CLANG_WARN_DIRECT_OBJC_ISA_USAGE = YES_ERROR;
				CLANG_WARN_DOCUMENTATION_COMMENTS = YES;
				CLANG_WARN_EMPTY_BODY = YES;
				CLANG_WARN_ENUM_CONVERSION = YES;
				CLANG_WARN_INFINITE_RECURSION = YES;
				CLANG_WARN_INT_CONVERSION = YES;
				CLANG_WARN_NON_LITERAL_NULL_CONVERSION = YES;
				CLANG_WARN_OBJC_LITERAL_CONVERSION = YES;
				CLANG_WARN_OBJC_ROOT_CLASS = YES_ERROR;
				CLANG_WARN_RANGE_LOOP_ANALYSIS = YES;
				CLANG_WARN_STRICT_PROTOTYPES = YES;
				CLANG_WARN_SUSPICIOUS_MOVE = YES;
				CLANG_WARN_UNGUARDED_AVAILABILITY = YES_AGGRESSIVE;
				CLANG_WARN_UNREACHABLE_CODE = YES;
				CLANG_WARN__DUPLICATE_METHOD_MATCH = YES;
				CODE_SIGN_IDENTITY = "iPhone Developer";
				COPY_PHASE_STRIP = NO;
				DEBUG_INFORMATION_FORMAT = "dwarf-with-dsym";
				ENABLE_NS_ASSERTIONS = NO;
				ENABLE_STRICT_OBJC_MSGSEND = YES;
				GCC_C_LANGUAGE_STANDARD = gnu11;
				GCC_NO_COMMON_BLOCKS = YES;
				GCC_WARN_64_TO_32_BIT_CONVERSION = YES;
				GCC_WARN_ABOUT_RETURN_TYPE = YES_ERROR;
				GCC_WARN_UNDECLARED_SELECTOR = YES;
				GCC_WARN_UNINITIALIZED_AUTOS = YES_AGGRESSIVE;
				GCC_WARN_UNUSED_FUNCTION = YES;
				GCC_WARN_UNUSED_VARIABLE = YES;
				IPHONEOS_DEPLOYMENT_TARGET = 11.2;
				MTL_ENABLE_DEBUG_INFO = NO;
				SDKROOT = iphoneos;
				SWIFT_OPTIMIZATION_LEVEL = "-Owholemodule";
				VALIDATE_PRODUCT = YES;
			};
			name = Release;
		};
		A2AF1CF8205001E400588F76 /* Debug */ = {
			isa = XCBuildConfiguration;
			buildSettings = {
				ASSETCATALOG_COMPILER_APPICON_NAME = AppIcon;
				CODE_SIGN_STYLE = Automatic;
				DEVELOPMENT_TEAM = DXX95Y7K36;
				INFOPLIST_FILE = CKCC/Info.plist;
				LD_RUNPATH_SEARCH_PATHS = "$(inherited) @executable_path/Frameworks";
				PRODUCT_BUNDLE_IDENTIFIER = kh.edu.ckcc.CKCC;
				PRODUCT_NAME = "$(TARGET_NAME)";
				SWIFT_VERSION = 4.0;
				TARGETED_DEVICE_FAMILY = "1,2";
			};
			name = Debug;
		};
		A2AF1CF9205001E400588F76 /* Release */ = {
			isa = XCBuildConfiguration;
			buildSettings = {
				ASSETCATALOG_COMPILER_APPICON_NAME = AppIcon;
				CODE_SIGN_STYLE = Automatic;
				DEVELOPMENT_TEAM = DXX95Y7K36;
				INFOPLIST_FILE = CKCC/Info.plist;
				LD_RUNPATH_SEARCH_PATHS = "$(inherited) @executable_path/Frameworks";
				PRODUCT_BUNDLE_IDENTIFIER = kh.edu.ckcc.CKCC;
				PRODUCT_NAME = "$(TARGET_NAME)";
				SWIFT_VERSION = 4.0;
				TARGETED_DEVICE_FAMILY = "1,2";
			};
			name = Release;
		};
/* End XCBuildConfiguration section */

/* Begin XCConfigurationList section */
		A2AF1CE0205001E400588F76 /* Build configuration list for PBXProject "CKCC" */ = {
			isa = XCConfigurationList;
			buildConfigurations = (
				A2AF1CF5205001E400588F76 /* Debug */,
				A2AF1CF6205001E400588F76 /* Release */,
			);
			defaultConfigurationIsVisible = 0;
			defaultConfigurationName = Release;
		};
		A2AF1CF7205001E400588F76 /* Build configuration list for PBXNativeTarget "CKCC" */ = {
			isa = XCConfigurationList;
			buildConfigurations = (
				A2AF1CF8205001E400588F76 /* Debug */,
				A2AF1CF9205001E400588F76 /* Release */,
			);
			defaultConfigurationIsVisible = 0;
			defaultConfigurationName = Release;
		};
/* End XCConfigurationList section */
	};
	rootObject = A2AF1CDD205001E400588F76 /* Project object */;
}
